// !$*UTF8*$!
{
	archiveVersion = 1;
	classes = {
	};
	objectVersion = 55;
	objects = {

/* Begin PBXBuildFile section */
		C85EED33278BBB11000FB900 /* AppDelegate.swift in Sources */ = {isa = PBXBuildFile; fileRef = C85EED32278BBB11000FB900 /* AppDelegate.swift */; };
		C85EED35278BBB11000FB900 /* SceneDelegate.swift in Sources */ = {isa = PBXBuildFile; fileRef = C85EED34278BBB11000FB900 /* SceneDelegate.swift */; };
		C85EED37278BBB11000FB900 /* ViewController.swift in Sources */ = {isa = PBXBuildFile; fileRef = C85EED36278BBB11000FB900 /* ViewController.swift */; };
		C85EED3A278BBB11000FB900 /* Main.storyboard in Resources */ = {isa = PBXBuildFile; fileRef = C85EED38278BBB11000FB900 /* Main.storyboard */; };
		C85EED3C278BBB11000FB900 /* Assets.xcassets in Resources */ = {isa = PBXBuildFile; fileRef = C85EED3B278BBB11000FB900 /* Assets.xcassets */; };
		C85EED3F278BBB11000FB900 /* LaunchScreen.storyboard in Resources */ = {isa = PBXBuildFile; fileRef = C85EED3D278BBB11000FB900 /* LaunchScreen.storyboard */; };
		C85EED4A278BBB11000FB900 /* ProworkTests.swift in Sources */ = {isa = PBXBuildFile; fileRef = C85EED49278BBB11000FB900 /* ProworkTests.swift */; };
		C85EED54278BBB11000FB900 /* ProworkUITests.swift in Sources */ = {isa = PBXBuildFile; fileRef = C85EED53278BBB11000FB900 /* ProworkUITests.swift */; };
		C85EED56278BBB11000FB900 /* ProworkUITestsLaunchTests.swift in Sources */ = {isa = PBXBuildFile; fileRef = C85EED55278BBB11000FB900 /* ProworkUITestsLaunchTests.swift */; };
		C85EED63278BC8A7000FB900 /* SettingsViewController.swift in Sources */ = {isa = PBXBuildFile; fileRef = C85EED62278BC8A7000FB900 /* SettingsViewController.swift */; };
/* End PBXBuildFile section */

/* Begin PBXContainerItemProxy section */
		C85EED46278BBB11000FB900 /* PBXContainerItemProxy */ = {
			isa = PBXContainerItemProxy;
			containerPortal = C85EED27278BBB11000FB900 /* Project object */;
			proxyType = 1;
			remoteGlobalIDString = C85EED2E278BBB11000FB900;
			remoteInfo = Prowork;
		};
		C85EED50278BBB11000FB900 /* PBXContainerItemProxy */ = {
			isa = PBXContainerItemProxy;
			containerPortal = C85EED27278BBB11000FB900 /* Project object */;
			proxyType = 1;
			remoteGlobalIDString = C85EED2E278BBB11000FB900;
			remoteInfo = Prowork;
		};
/* End PBXContainerItemProxy section */

/* Begin PBXFileReference section */
		C85EED2F278BBB11000FB900 /* Prowork.app */ = {isa = PBXFileReference; explicitFileType = wrapper.application; includeInIndex = 0; path = Prowork.app; sourceTree = BUILT_PRODUCTS_DIR; };
		C85EED32278BBB11000FB900 /* AppDelegate.swift */ = {isa = PBXFileReference; lastKnownFileType = sourcecode.swift; path = AppDelegate.swift; sourceTree = "<group>"; };
		C85EED34278BBB11000FB900 /* SceneDelegate.swift */ = {isa = PBXFileReference; lastKnownFileType = sourcecode.swift; path = SceneDelegate.swift; sourceTree = "<group>"; };
		C85EED36278BBB11000FB900 /* ViewController.swift */ = {isa = PBXFileReference; lastKnownFileType = sourcecode.swift; path = ViewController.swift; sourceTree = "<group>"; };
		C85EED39278BBB11000FB900 /* Base */ = {isa = PBXFileReference; lastKnownFileType = file.storyboard; name = Base; path = Base.lproj/Main.storyboard; sourceTree = "<group>"; };
		C85EED3B278BBB11000FB900 /* Assets.xcassets */ = {isa = PBXFileReference; lastKnownFileType = folder.assetcatalog; path = Assets.xcassets; sourceTree = "<group>"; };
		C85EED3E278BBB11000FB900 /* Base */ = {isa = PBXFileReference; lastKnownFileType = file.storyboard; name = Base; path = Base.lproj/LaunchScreen.storyboard; sourceTree = "<group>"; };
		C85EED40278BBB11000FB900 /* Info.plist */ = {isa = PBXFileReference; lastKnownFileType = text.plist.xml; path = Info.plist; sourceTree = "<group>"; };
		C85EED45278BBB11000FB900 /* ProworkTests.xctest */ = {isa = PBXFileReference; explicitFileType = wrapper.cfbundle; includeInIndex = 0; path = ProworkTests.xctest; sourceTree = BUILT_PRODUCTS_DIR; };
		C85EED49278BBB11000FB900 /* ProworkTests.swift */ = {isa = PBXFileReference; lastKnownFileType = sourcecode.swift; path = ProworkTests.swift; sourceTree = "<group>"; };
		C85EED4F278BBB11000FB900 /* ProworkUITests.xctest */ = {isa = PBXFileReference; explicitFileType = wrapper.cfbundle; includeInIndex = 0; path = ProworkUITests.xctest; sourceTree = BUILT_PRODUCTS_DIR; };
		C85EED53278BBB11000FB900 /* ProworkUITests.swift */ = {isa = PBXFileReference; lastKnownFileType = sourcecode.swift; path = ProworkUITests.swift; sourceTree = "<group>"; };
		C85EED55278BBB11000FB900 /* ProworkUITestsLaunchTests.swift */ = {isa = PBXFileReference; lastKnownFileType = sourcecode.swift; path = ProworkUITestsLaunchTests.swift; sourceTree = "<group>"; };
		C85EED62278BC8A7000FB900 /* SettingsViewController.swift */ = {isa = PBXFileReference; lastKnownFileType = sourcecode.swift; path = SettingsViewController.swift; sourceTree = "<group>"; };
/* End PBXFileReference section */

/* Begin PBXFrameworksBuildPhase section */
		C85EED2C278BBB11000FB900 /* Frameworks */ = {
			isa = PBXFrameworksBuildPhase;
			buildActionMask = 2147483647;
			files = (
			);
			runOnlyForDeploymentPostprocessing = 0;
		};
		C85EED42278BBB11000FB900 /* Frameworks */ = {
			isa = PBXFrameworksBuildPhase;
			buildActionMask = 2147483647;
			files = (
			);
			runOnlyForDeploymentPostprocessing = 0;
		};
		C85EED4C278BBB11000FB900 /* Frameworks */ = {
			isa = PBXFrameworksBuildPhase;
			buildActionMask = 2147483647;
			files = (
			);
			runOnlyForDeploymentPostprocessing = 0;
		};
/* End PBXFrameworksBuildPhase section */

/* Begin PBXGroup section */
		C85EED26278BBB11000FB900 = {
			isa = PBXGroup;
			children = (
				C85EED31278BBB11000FB900 /* Prowork */,
				C85EED48278BBB11000FB900 /* ProworkTests */,
				C85EED52278BBB11000FB900 /* ProworkUITests */,
				C85EED30278BBB11000FB900 /* Products */,
			);
			sourceTree = "<group>";
		};
		C85EED30278BBB11000FB900 /* Products */ = {
			isa = PBXGroup;
			children = (
				C85EED2F278BBB11000FB900 /* Prowork.app */,
				C85EED45278BBB11000FB900 /* ProworkTests.xctest */,
				C85EED4F278BBB11000FB900 /* ProworkUITests.xctest */,
			);
			name = Products;
			sourceTree = "<group>";
		};
		C85EED31278BBB11000FB900 /* Prowork */ = {
			isa = PBXGroup;
			children = (
				C85EED32278BBB11000FB900 /* AppDelegate.swift */,
				C85EED34278BBB11000FB900 /* SceneDelegate.swift */,
				C85EED36278BBB11000FB900 /* ViewController.swift */,
				C85EED38278BBB11000FB900 /* Main.storyboard */,
				C85EED62278BC8A7000FB900 /* SettingsViewController.swift */,
				C85EED3B278BBB11000FB900 /* Assets.xcassets */,
				C85EED3D278BBB11000FB900 /* LaunchScreen.storyboard */,
				C85EED40278BBB11000FB900 /* Info.plist */,
			);
			path = Prowork;
			sourceTree = "<group>";
		};
		C85EED48278BBB11000FB900 /* ProworkTests */ = {
			isa = PBXGroup;
			children = (
				C85EED49278BBB11000FB900 /* ProworkTests.swift */,
			);
			path = ProworkTests;
			sourceTree = "<group>";
		};
		C85EED52278BBB11000FB900 /* ProworkUITests */ = {
			isa = PBXGroup;
			children = (
				C85EED53278BBB11000FB900 /* ProworkUITests.swift */,
				C85EED55278BBB11000FB900 /* ProworkUITestsLaunchTests.swift */,
			);
			path = ProworkUITests;
			sourceTree = "<group>";
		};
/* End PBXGroup section */

/* Begin PBXNativeTarget section */
		C85EED2E278BBB11000FB900 /* Prowork */ = {
			isa = PBXNativeTarget;
			buildConfigurationList = C85EED59278BBB11000FB900 /* Build configuration list for PBXNativeTarget "Prowork" */;
			buildPhases = (
				C85EED2B278BBB11000FB900 /* Sources */,
				C85EED2C278BBB11000FB900 /* Frameworks */,
				C85EED2D278BBB11000FB900 /* Resources */,
			);
			buildRules = (
			);
			dependencies = (
			);
			name = Prowork;
			productName = Prowork;
			productReference = C85EED2F278BBB11000FB900 /* Prowork.app */;
			productType = "com.apple.product-type.application";
		};
		C85EED44278BBB11000FB900 /* ProworkTests */ = {
			isa = PBXNativeTarget;
			buildConfigurationList = C85EED5C278BBB11000FB900 /* Build configuration list for PBXNativeTarget "ProworkTests" */;
			buildPhases = (
				C85EED41278BBB11000FB900 /* Sources */,
				C85EED42278BBB11000FB900 /* Frameworks */,
				C85EED43278BBB11000FB900 /* Resources */,
			);
			buildRules = (
			);
			dependencies = (
				C85EED47278BBB11000FB900 /* PBXTargetDependency */,
			);
			name = ProworkTests;
			productName = ProworkTests;
			productReference = C85EED45278BBB11000FB900 /* ProworkTests.xctest */;
			productType = "com.apple.product-type.bundle.unit-test";
		};
		C85EED4E278BBB11000FB900 /* ProworkUITests */ = {
			isa = PBXNativeTarget;
			buildConfigurationList = C85EED5F278BBB11000FB900 /* Build configuration list for PBXNativeTarget "ProworkUITests" */;
			buildPhases = (
				C85EED4B278BBB11000FB900 /* Sources */,
				C85EED4C278BBB11000FB900 /* Frameworks */,
				C85EED4D278BBB11000FB900 /* Resources */,
			);
			buildRules = (
			);
			dependencies = (
				C85EED51278BBB11000FB900 /* PBXTargetDependency */,
			);
			name = ProworkUITests;
			productName = ProworkUITests;
			productReference = C85EED4F278BBB11000FB900 /* ProworkUITests.xctest */;
			productType = "com.apple.product-type.bundle.ui-testing";
		};
/* End PBXNativeTarget section */

/* Begin PBXProject section */
		C85EED27278BBB11000FB900 /* Project object */ = {
			isa = PBXProject;
			attributes = {
				BuildIndependentTargetsInParallel = 1;
				LastSwiftUpdateCheck = 1320;
				LastUpgradeCheck = 1320;
				TargetAttributes = {
					C85EED2E278BBB11000FB900 = {
						CreatedOnToolsVersion = 13.2.1;
					};
					C85EED44278BBB11000FB900 = {
						CreatedOnToolsVersion = 13.2.1;
						TestTargetID = C85EED2E278BBB11000FB900;
					};
					C85EED4E278BBB11000FB900 = {
						CreatedOnToolsVersion = 13.2.1;
						TestTargetID = C85EED2E278BBB11000FB900;
					};
				};
			};
			buildConfigurationList = C85EED2A278BBB11000FB900 /* Build configuration list for PBXProject "Prowork" */;
			compatibilityVersion = "Xcode 13.0";
			developmentRegion = en;
			hasScannedForEncodings = 0;
			knownRegions = (
				en,
				Base,
			);
			mainGroup = C85EED26278BBB11000FB900;
			productRefGroup = C85EED30278BBB11000FB900 /* Products */;
			projectDirPath = "";
			projectRoot = "";
			targets = (
				C85EED2E278BBB11000FB900 /* Prowork */,
				C85EED44278BBB11000FB900 /* ProworkTests */,
				C85EED4E278BBB11000FB900 /* ProworkUITests */,
			);
		};
/* End PBXProject section */

/* Begin PBXResourcesBuildPhase section */
		C85EED2D278BBB11000FB900 /* Resources */ = {
			isa = PBXResourcesBuildPhase;
			buildActionMask = 2147483647;
			files = (
				C85EED3F278BBB11000FB900 /* LaunchScreen.storyboard in Resources */,
				C85EED3C278BBB11000FB900 /* Assets.xcassets in Resources */,
				C85EED3A278BBB11000FB900 /* Main.storyboard in Resources */,
			);
			runOnlyForDeploymentPostprocessing = 0;
		};
		C85EED43278BBB11000FB900 /* Resources */ = {
			isa = PBXResourcesBuildPhase;
			buildActionMask = 2147483647;
			files = (
			);
			runOnlyForDeploymentPostprocessing = 0;
		};
		C85EED4D278BBB11000FB900 /* Resources */ = {
			isa = PBXResourcesBuildPhase;
			buildActionMask = 2147483647;
			files = (
			);
			runOnlyForDeploymentPostprocessing = 0;
		};
/* End PBXResourcesBuildPhase section */

/* Begin PBXSourcesBuildPhase section */
		C85EED2B278BBB11000FB900 /* Sources */ = {
			isa = PBXSourcesBuildPhase;
			buildActionMask = 2147483647;
			files = (
				C85EED37278BBB11000FB900 /* ViewController.swift in Sources */,
				C85EED33278BBB11000FB900 /* AppDelegate.swift in Sources */,
				C85EED35278BBB11000FB900 /* SceneDelegate.swift in Sources */,
				C85EED63278BC8A7000FB900 /* SettingsViewController.swift in Sources */,
			);
			runOnlyForDeploymentPostprocessing = 0;
		};
		C85EED41278BBB11000FB900 /* Sources */ = {
			isa = PBXSourcesBuildPhase;
			buildActionMask = 2147483647;
			files = (
				C85EED4A278BBB11000FB900 /* ProworkTests.swift in Sources */,
			);
			runOnlyForDeploymentPostprocessing = 0;
		};
		C85EED4B278BBB11000FB900 /* Sources */ = {
			isa = PBXSourcesBuildPhase;
			buildActionMask = 2147483647;
			files = (
				C85EED54278BBB11000FB900 /* ProworkUITests.swift in Sources */,
				C85EED56278BBB11000FB900 /* ProworkUITestsLaunchTests.swift in Sources */,
			);
			runOnlyForDeploymentPostprocessing = 0;
		};
/* End PBXSourcesBuildPhase section */

/* Begin PBXTargetDependency section */
		C85EED47278BBB11000FB900 /* PBXTargetDependency */ = {
			isa = PBXTargetDependency;
			target = C85EED2E278BBB11000FB900 /* Prowork */;
			targetProxy = C85EED46278BBB11000FB900 /* PBXContainerItemProxy */;
		};
		C85EED51278BBB11000FB900 /* PBXTargetDependency */ = {
			isa = PBXTargetDependency;
			target = C85EED2E278BBB11000FB900 /* Prowork */;
			targetProxy = C85EED50278BBB11000FB900 /* PBXContainerItemProxy */;
		};
/* End PBXTargetDependency section */

/* Begin PBXVariantGroup section */
		C85EED38278BBB11000FB900 /* Main.storyboard */ = {
			isa = PBXVariantGroup;
			children = (
				C85EED39278BBB11000FB900 /* Base */,
			);
			name = Main.storyboard;
			sourceTree = "<group>";
		};
		C85EED3D278BBB11000FB900 /* LaunchScreen.storyboard */ = {
			isa = PBXVariantGroup;
			children = (
				C85EED3E278BBB11000FB900 /* Base */,
			);
			name = LaunchScreen.storyboard;
			sourceTree = "<group>";
		};
/* End PBXVariantGroup section */

/* Begin XCBuildConfiguration section */
		C85EED57278BBB11000FB900 /* Debug */ = {
			isa = XCBuildConfiguration;
			buildSettings = {
				ALWAYS_SEARCH_USER_PATHS = NO;
				CLANG_ANALYZER_NONNULL = YES;
				CLANG_ANALYZER_NUMBER_OBJECT_CONVERSION = YES_AGGRESSIVE;
				CLANG_CXX_LANGUAGE_STANDARD = "gnu++17";
				CLANG_CXX_LIBRARY = "libc++";
				CLANG_ENABLE_MODULES = YES;
				CLANG_ENABLE_OBJC_ARC = YES;
				CLANG_ENABLE_OBJC_WEAK = YES;
				CLANG_WARN_BLOCK_CAPTURE_AUTORELEASING = YES;
				CLANG_WARN_BOOL_CONVERSION = YES;
				CLANG_WARN_COMMA = YES;
				CLANG_WARN_CONSTANT_CONVERSION = YES;
				CLANG_WARN_DEPRECATED_OBJC_IMPLEMENTATIONS = YES;
				CLANG_WARN_DIRECT_OBJC_ISA_USAGE = YES_ERROR;
				CLANG_WARN_DOCUMENTATION_COMMENTS = YES;
				CLANG_WARN_EMPTY_BODY = YES;
				CLANG_WARN_ENUM_CONVERSION = YES;
				CLANG_WARN_INFINITE_RECURSION = YES;
				CLANG_WARN_INT_CONVERSION = YES;
				CLANG_WARN_NON_LITERAL_NULL_CONVERSION = YES;
				CLANG_WARN_OBJC_IMPLICIT_RETAIN_SELF = YES;
				CLANG_WARN_OBJC_LITERAL_CONVERSION = YES;
				CLANG_WARN_OBJC_ROOT_CLASS = YES_ERROR;
				CLANG_WARN_QUOTED_INCLUDE_IN_FRAMEWORK_HEADER = YES;
				CLANG_WARN_RANGE_LOOP_ANALYSIS = YES;
				CLANG_WARN_STRICT_PROTOTYPES = YES;
				CLANG_WARN_SUSPICIOUS_MOVE = YES;
				CLANG_WARN_UNGUARDED_AVAILABILITY = YES_AGGRESSIVE;
				CLANG_WARN_UNREACHABLE_CODE = YES;
				CLANG_WARN__DUPLICATE_METHOD_MATCH = YES;
				COPY_PHASE_STRIP = NO;
				DEBUG_INFORMATION_FORMAT = dwarf;
				ENABLE_STRICT_OBJC_MSGSEND = YES;
				ENABLE_TESTABILITY = YES;
				GCC_C_LANGUAGE_STANDARD = gnu11;
				GCC_DYNAMIC_NO_PIC = NO;
				GCC_NO_COMMON_BLOCKS = YES;
				GCC_OPTIMIZATION_LEVEL = 0;
				GCC_PREPROCESSOR_DEFINITIONS = (
					"DEBUG=1",
					"$(inherited)",
				);
				GCC_WARN_64_TO_32_BIT_CONVERSION = YES;
				GCC_WARN_ABOUT_RETURN_TYPE = YES_ERROR;
				GCC_WARN_UNDECLARED_SELECTOR = YES;
				GCC_WARN_UNINITIALIZED_AUTOS = YES_AGGRESSIVE;
				GCC_WARN_UNUSED_FUNCTION = YES;
				GCC_WARN_UNUSED_VARIABLE = YES;
				IPHONEOS_DEPLOYMENT_TARGET = 15.2;
				MTL_ENABLE_DEBUG_INFO = INCLUDE_SOURCE;
				MTL_FAST_MATH = YES;
				ONLY_ACTIVE_ARCH = YES;
				SDKROOT = iphoneos;
				SWIFT_ACTIVE_COMPILATION_CONDITIONS = DEBUG;
				SWIFT_OPTIMIZATION_LEVEL = "-Onone";
			};
			name = Debug;
		};
		C85EED58278BBB11000FB900 /* Release */ = {
			isa = XCBuildConfiguration;
			buildSettings = {
				ALWAYS_SEARCH_USER_PATHS = NO;
				CLANG_ANALYZER_NONNULL = YES;
				CLANG_ANALYZER_NUMBER_OBJECT_CONVERSION = YES_AGGRESSIVE;
				CLANG_CXX_LANGUAGE_STANDARD = "gnu++17";
				CLANG_CXX_LIBRARY = "libc++";
				CLANG_ENABLE_MODULES = YES;
				CLANG_ENABLE_OBJC_ARC = YES;
				CLANG_ENABLE_OBJC_WEAK = YES;
				CLANG_WARN_BLOCK_CAPTURE_AUTORELEASING = YES;
				CLANG_WARN_BOOL_CONVERSION = YES;
				CLANG_WARN_COMMA = YES;
				CLANG_WARN_CONSTANT_CONVERSION = YES;
				CLANG_WARN_DEPRECATED_OBJC_IMPLEMENTATIONS = YES;
				CLANG_WARN_DIRECT_OBJC_ISA_USAGE = YES_ERROR;
				CLANG_WARN_DOCUMENTATION_COMMENTS = YES;
				CLANG_WARN_EMPTY_BODY = YES;
				CLANG_WARN_ENUM_CONVERSION = YES;
				CLANG_WARN_INFINITE_RECURSION = YES;
				CLANG_WARN_INT_CONVERSION = YES;
				CLANG_WARN_NON_LITERAL_NULL_CONVERSION = YES;
				CLANG_WARN_OBJC_IMPLICIT_RETAIN_SELF = YES;
				CLANG_WARN_OBJC_LITERAL_CONVERSION = YES;
				CLANG_WARN_OBJC_ROOT_CLASS = YES_ERROR;
				CLANG_WARN_QUOTED_INCLUDE_IN_FRAMEWORK_HEADER = YES;
				CLANG_WARN_RANGE_LOOP_ANALYSIS = YES;
				CLANG_WARN_STRICT_PROTOTYPES = YES;
				CLANG_WARN_SUSPICIOUS_MOVE = YES;
				CLANG_WARN_UNGUARDED_AVAILABILITY = YES_AGGRESSIVE;
				CLANG_WARN_UNREACHABLE_CODE = YES;
				CLANG_WARN__DUPLICATE_METHOD_MATCH = YES;
				COPY_PHASE_STRIP = NO;
				DEBUG_INFORMATION_FORMAT = "dwarf-with-dsym";
				ENABLE_NS_ASSERTIONS = NO;
				ENABLE_STRICT_OBJC_MSGSEND = YES;
				GCC_C_LANGUAGE_STANDARD = gnu11;
				GCC_NO_COMMON_BLOCKS = YES;
				GCC_WARN_64_TO_32_BIT_CONVERSION = YES;
				GCC_WARN_ABOUT_RETURN_TYPE = YES_ERROR;
				GCC_WARN_UNDECLARED_SELECTOR = YES;
				GCC_WARN_UNINITIALIZED_AUTOS = YES_AGGRESSIVE;
				GCC_WARN_UNUSED_FUNCTION = YES;
				GCC_WARN_UNUSED_VARIABLE = YES;
				IPHONEOS_DEPLOYMENT_TARGET = 15.2;
				MTL_ENABLE_DEBUG_INFO = NO;
				MTL_FAST_MATH = YES;
				SDKROOT = iphoneos;
				SWIFT_COMPILATION_MODE = wholemodule;
				SWIFT_OPTIMIZATION_LEVEL = "-O";
				VALIDATE_PRODUCT = YES;
			};
			name = Release;
		};
		C85EED5A278BBB11000FB900 /* Debug */ = {
			isa = XCBuildConfiguration;
			buildSettings = {
				ASSETCATALOG_COMPILER_APPICON_NAME = AppIcon;
				ASSETCATALOG_COMPILER_GLOBAL_ACCENT_COLOR_NAME = AccentColor;
				CODE_SIGN_STYLE = Automatic;
				CURRENT_PROJECT_VERSION = 1;
				GENERATE_INFOPLIST_FILE = YES;
				INFOPLIST_FILE = Prowork/Info.plist;
				INFOPLIST_KEY_UIApplicationSupportsIndirectInputEvents = YES;
				INFOPLIST_KEY_UILaunchStoryboardName = LaunchScreen;
				INFOPLIST_KEY_UIMainStoryboardFile = Main;
				INFOPLIST_KEY_UISupportedInterfaceOrientations_iPad = "UIInterfaceOrientationPortrait UIInterfaceOrientationPortraitUpsideDown UIInterfaceOrientationLandscapeLeft UIInterfaceOrientationLandscapeRight";
				INFOPLIST_KEY_UISupportedInterfaceOrientations_iPhone = "UIInterfaceOrientationPortrait UIInterfaceOrientationLandscapeLeft UIInterfaceOrientationLandscapeRight";
				LD_RUNPATH_SEARCH_PATHS = (
					"$(inherited)",
					"@executable_path/Frameworks",
				);
				MARKETING_VERSION = 1.0;
				PRODUCT_BUNDLE_IDENTIFIER = "Wilson-Phu.Prowork";
				PRODUCT_NAME = "$(TARGET_NAME)";
				SWIFT_EMIT_LOC_STRINGS = YES;
				SWIFT_VERSION = 5.0;
				TARGETED_DEVICE_FAMILY = "1,2";
			};
			name = Debug;
		};
		C85EED5B278BBB11000FB900 /* Release */ = {
			isa = XCBuildConfiguration;
			buildSettings = {
				ASSETCATALOG_COMPILER_APPICON_NAME = AppIcon;
				ASSETCATALOG_COMPILER_GLOBAL_ACCENT_COLOR_NAME = AccentColor;
				CODE_SIGN_STYLE = Automatic;
				CURRENT_PROJECT_VERSION = 1;
				GENERATE_INFOPLIST_FILE = YES;
				INFOPLIST_FILE = Prowork/Info.plist;
				INFOPLIST_KEY_UIApplicationSupportsIndirectInputEvents = YES;
				INFOPLIST_KEY_UILaunchStoryboardName = LaunchScreen;
				INFOPLIST_KEY_UIMainStoryboardFile = Main;
				INFOPLIST_KEY_UISupportedInterfaceOrientations_iPad = "UIInterfaceOrientationPortrait UIInterfaceOrientationPortraitUpsideDown UIInterfaceOrientationLandscapeLeft UIInterfaceOrientationLandscapeRight";
				INFOPLIST_KEY_UISupportedInterfaceOrientations_iPhone = "UIInterfaceOrientationPortrait UIInterfaceOrientationLandscapeLeft UIInterfaceOrientationLandscapeRight";
				LD_RUNPATH_SEARCH_PATHS = (
					"$(inherited)",
					"@executable_path/Frameworks",
				);
				MARKETING_VERSION = 1.0;
				PRODUCT_BUNDLE_IDENTIFIER = "Wilson-Phu.Prowork";
				PRODUCT_NAME = "$(TARGET_NAME)";
				SWIFT_EMIT_LOC_STRINGS = YES;
				SWIFT_VERSION = 5.0;
				TARGETED_DEVICE_FAMILY = "1,2";
			};
			name = Release;
		};
		C85EED5D278BBB11000FB900 /* Debug */ = {
			isa = XCBuildConfiguration;
			buildSettings = {
				ALWAYS_EMBED_SWIFT_STANDARD_LIBRARIES = YES;
				BUNDLE_LOADER = "$(TEST_HOST)";
				CODE_SIGN_STYLE = Automatic;
				CURRENT_PROJECT_VERSION = 1;
				GENERATE_INFOPLIST_FILE = YES;
				IPHONEOS_DEPLOYMENT_TARGET = 15.2;
				MARKETING_VERSION = 1.0;
				PRODUCT_BUNDLE_IDENTIFIER = "Wilson-Phu.ProworkTests";
				PRODUCT_NAME = "$(TARGET_NAME)";
				SWIFT_EMIT_LOC_STRINGS = NO;
				SWIFT_VERSION = 5.0;
				TARGETED_DEVICE_FAMILY = "1,2";
				TEST_HOST = "$(BUILT_PRODUCTS_DIR)/Prowork.app/Prowork";
			};
			name = Debug;
		};
		C85EED5E278BBB11000FB900 /* Release */ = {
			isa = XCBuildConfiguration;
			buildSettings = {
				ALWAYS_EMBED_SWIFT_STANDARD_LIBRARIES = YES;
				BUNDLE_LOADER = "$(TEST_HOST)";
				CODE_SIGN_STYLE = Automatic;
				CURRENT_PROJECT_VERSION = 1;
				GENERATE_INFOPLIST_FILE = YES;
				IPHONEOS_DEPLOYMENT_TARGET = 15.2;
				MARKETING_VERSION = 1.0;
				PRODUCT_BUNDLE_IDENTIFIER = "Wilson-Phu.ProworkTests";
				PRODUCT_NAME = "$(TARGET_NAME)";
				SWIFT_EMIT_LOC_STRINGS = NO;
				SWIFT_VERSION = 5.0;
				TARGETED_DEVICE_FAMILY = "1,2";
				TEST_HOST = "$(BUILT_PRODUCTS_DIR)/Prowork.app/Prowork";
			};
			name = Release;
		};
		C85EED60278BBB11000FB900 /* Debug */ = {
			isa = XCBuildConfiguration;
			buildSettings = {
				ALWAYS_EMBED_SWIFT_STANDARD_LIBRARIES = YES;
				CODE_SIGN_STYLE = Automatic;
				CURRENT_PROJECT_VERSION = 1;
				GENERATE_INFOPLIST_FILE = YES;
				MARKETING_VERSION = 1.0;
				PRODUCT_BUNDLE_IDENTIFIER = "Wilson-Phu.ProworkUITests";
				PRODUCT_NAME = "$(TARGET_NAME)";
				SWIFT_EMIT_LOC_STRINGS = NO;
				SWIFT_VERSION = 5.0;
				TARGETED_DEVICE_FAMILY = "1,2";
				TEST_TARGET_NAME = Prowork;
			};
			name = Debug;
		};
		C85EED61278BBB11000FB900 /* Release */ = {
			isa = XCBuildConfiguration;
			buildSettings = {
				ALWAYS_EMBED_SWIFT_STANDARD_LIBRARIES = YES;
				CODE_SIGN_STYLE = Automatic;
				CURRENT_PROJECT_VERSION = 1;
				GENERATE_INFOPLIST_FILE = YES;
				MARKETING_VERSION = 1.0;
				PRODUCT_BUNDLE_IDENTIFIER = "Wilson-Phu.ProworkUITests";
				PRODUCT_NAME = "$(TARGET_NAME)";
				SWIFT_EMIT_LOC_STRINGS = NO;
				SWIFT_VERSION = 5.0;
				TARGETED_DEVICE_FAMILY = "1,2";
				TEST_TARGET_NAME = Prowork;
			};
			name = Release;
		};
/* End XCBuildConfiguration section */

/* Begin XCConfigurationList section */
		C85EED2A278BBB11000FB900 /* Build configuration list for PBXProject "Prowork" */ = {
			isa = XCConfigurationList;
			buildConfigurations = (
				C85EED57278BBB11000FB900 /* Debug */,
				C85EED58278BBB11000FB900 /* Release */,
			);
			defaultConfigurationIsVisible = 0;
			defaultConfigurationName = Release;
		};
		C85EED59278BBB11000FB900 /* Build configuration list for PBXNativeTarget "Prowork" */ = {
			isa = XCConfigurationList;
			buildConfigurations = (
				C85EED5A278BBB11000FB900 /* Debug */,
				C85EED5B278BBB11000FB900 /* Release */,
			);
			defaultConfigurationIsVisible = 0;
			defaultConfigurationName = Release;
		};
		C85EED5C278BBB11000FB900 /* Build configuration list for PBXNativeTarget "ProworkTests" */ = {
			isa = XCConfigurationList;
			buildConfigurations = (
				C85EED5D278BBB11000FB900 /* Debug */,
				C85EED5E278BBB11000FB900 /* Release */,
			);
			defaultConfigurationIsVisible = 0;
			defaultConfigurationName = Release;
		};
		C85EED5F278BBB11000FB900 /* Build configuration list for PBXNativeTarget "ProworkUITests" */ = {
			isa = XCConfigurationList;
			buildConfigurations = (
				C85EED60278BBB11000FB900 /* Debug */,
				C85EED61278BBB11000FB900 /* Release */,
			);
			defaultConfigurationIsVisible = 0;
			defaultConfigurationName = Release;
		};
/* End XCConfigurationList section */
	};
	rootObject = C85EED27278BBB11000FB900 /* Project object */;
}
